
Microsoft Visual Studio Solution File, Format Version 12.00
# Visual Studio Version 16
VisualStudioVersion = 16.0.30204.135
MinimumVisualStudioVersion = 10.0.40219.1
Project("{FAE04EC0-301F-11D3-BF4B-00C04F79EFBC}") = "Rabbit_Game", "Rabbit_Game\Rabbit_Game.csproj", "{260A034E-9FAF-4127-BE3C-F109650CC146}"
EndProject
Global
	GlobalSection(SolutionConfigurationPlatforms) = preSolution
		Debug|Any CPU = Debug|Any CPU
		Release|Any CPU = Release|Any CPU
	EndGlobalSection
	GlobalSection(ProjectConfigurationPlatforms) = postSolution
		{260A034E-9FAF-4127-BE3C-F109650CC146}.Debug|Any CPU.ActiveCfg = Debug|Any CPU
		{260A034E-9FAF-4127-BE3C-F109650CC146}.Debug|Any CPU.Build.0 = Debug|Any CPU
		{260A034E-9FAF-4127-BE3C-F109650CC146}.Release|Any CPU.ActiveCfg = Release|Any CPU
		{260A034E-9FAF-4127-BE3C-F109650CC146}.Release|Any CPU.Build.0 = Release|Any CPU
	EndGlobalSection
	GlobalSection(SolutionProperties) = preSolution
		HideSolutionNode = FALSE
	EndGlobalSection
	GlobalSection(ExtensibilityGlobals) = postSolution
		SolutionGuid = {227FC6EC-6B74-4450-AC8C-B72A71207934}
	EndGlobalSection
EndGlobal
